
Microsoft Visual Studio Solution File, Format Version 12.00
# Visual Studio 15
VisualStudioVersion = 15.0.27130.0
MinimumVisualStudioVersion = 10.0.40219.1
Project("{FAE04EC0-301F-11D3-BF4B-00C04F79EFBC}") = "l2", "l2\l2.csproj", "{E1934DD1-C2B0-4525-919B-E27BB4A440F6}"
EndProject
Global
	GlobalSection(SolutionConfigurationPlatforms) = preSolution
		Debug|Any CPU = Debug|Any CPU
		Release|Any CPU = Release|Any CPU
	EndGlobalSection
	GlobalSection(ProjectConfigurationPlatforms) = postSolution
		{E1934DD1-C2B0-4525-919B-E27BB4A440F6}.Debug|Any CPU.ActiveCfg = Debug|Any CPU
		{E1934DD1-C2B0-4525-919B-E27BB4A440F6}.Debug|Any CPU.Build.0 = Debug|Any CPU
		{E1934DD1-C2B0-4525-919B-E27BB4A440F6}.Release|Any CPU.ActiveCfg = Release|Any CPU
		{E1934DD1-C2B0-4525-919B-E27BB4A440F6}.Release|Any CPU.Build.0 = Release|Any CPU
	EndGlobalSection
	GlobalSection(SolutionProperties) = preSolution
		HideSolutionNode = FALSE
	EndGlobalSection
	GlobalSection(ExtensibilityGlobals) = postSolution
		SolutionGuid = {874A6D35-AF45-4C3E-AC93-7FBC03C777CC}
	EndGlobalSection
EndGlobal
